// !$*UTF8*$!
{
	archiveVersion = 1;
	classes = {
	};
	objectVersion = 77;
	objects = {

/* Begin PBXBuildFile section */
		5D9D18522EB0053200580CD8 /* Factory in Frameworks */ = {isa = PBXBuildFile; productRef = 5D9D18512EB0053200580CD8 /* Factory */; };
		5D9D18552EB0056C00580CD8 /* Logging in Frameworks */ = {isa = PBXBuildFile; productRef = 5D9D18542EB0056C00580CD8 /* Logging */; };
		5D9D18A32EB00B9F00580CD8 /* CPStorageKit.framework in Frameworks */ = {isa = PBXBuildFile; fileRef = 5D9D189A2EB00B9F00580CD8 /* CPStorageKit.framework */; };
		5D9D18AD2EB00B9F00580CD8 /* CPStorageKit.framework in Frameworks */ = {isa = PBXBuildFile; fileRef = 5D9D189A2EB00B9F00580CD8 /* CPStorageKit.framework */; };
		5D9D18AE2EB00B9F00580CD8 /* CPStorageKit.framework in Embed Frameworks */ = {isa = PBXBuildFile; fileRef = 5D9D189A2EB00B9F00580CD8 /* CPStorageKit.framework */; settings = {ATTRIBUTES = (CodeSignOnCopy, RemoveHeadersOnCopy, ); }; };
		5D9D18EB2EB0100600580CD8 /* CPUtilsKit.framework in Frameworks */ = {isa = PBXBuildFile; fileRef = 5D9D18E22EB0100500580CD8 /* CPUtilsKit.framework */; };
		5D9D18F52EB0100600580CD8 /* CPUtilsKit.framework in Frameworks */ = {isa = PBXBuildFile; fileRef = 5D9D18E22EB0100500580CD8 /* CPUtilsKit.framework */; };
		5D9D18F62EB0100600580CD8 /* CPUtilsKit.framework in Embed Frameworks */ = {isa = PBXBuildFile; fileRef = 5D9D18E22EB0100500580CD8 /* CPUtilsKit.framework */; settings = {ATTRIBUTES = (CodeSignOnCopy, RemoveHeadersOnCopy, ); }; };
		5D9D190F2EB0161400580CD8 /* Logging in Frameworks */ = {isa = PBXBuildFile; productRef = 5D9D190E2EB0161400580CD8 /* Logging */; };
		5D9D19282EB0168600580CD8 /* CPUIKit.framework in Frameworks */ = {isa = PBXBuildFile; fileRef = 5D9D19152EB0168600580CD8 /* CPUIKit.framework */; };
		5D9D19292EB0168600580CD8 /* CPUIKit.framework in Embed Frameworks */ = {isa = PBXBuildFile; fileRef = 5D9D19152EB0168600580CD8 /* CPUIKit.framework */; settings = {ATTRIBUTES = (CodeSignOnCopy, RemoveHeadersOnCopy, ); }; };
/* End PBXBuildFile section */

/* Begin PBXContainerItemProxy section */
		5D9D18182EB0025C00580CD8 /* PBXContainerItemProxy */ = {
			isa = PBXContainerItemProxy;
			containerPortal = 5D9D17F62EB0025B00580CD8 /* Project object */;
			proxyType = 1;
			remoteGlobalIDString = 5D9D17FD2EB0025B00580CD8;
			remoteInfo = ChargerSpotter;
		};
		5D9D18222EB0025C00580CD8 /* PBXContainerItemProxy */ = {
			isa = PBXContainerItemProxy;
			containerPortal = 5D9D17F62EB0025B00580CD8 /* Project object */;
			proxyType = 1;
			remoteGlobalIDString = 5D9D17FD2EB0025B00580CD8;
			remoteInfo = ChargerSpotter;
		};
		5D9D18A42EB00B9F00580CD8 /* PBXContainerItemProxy */ = {
			isa = PBXContainerItemProxy;
			containerPortal = 5D9D17F62EB0025B00580CD8 /* Project object */;
			proxyType = 1;
			remoteGlobalIDString = 5D9D18992EB00B9F00580CD8;
			remoteInfo = CPStorageKit;
		};
		5D9D18A62EB00B9F00580CD8 /* PBXContainerItemProxy */ = {
			isa = PBXContainerItemProxy;
			containerPortal = 5D9D17F62EB0025B00580CD8 /* Project object */;
			proxyType = 1;
			remoteGlobalIDString = 5D9D17FD2EB0025B00580CD8;
			remoteInfo = ChargerSpotter;
		};
		5D9D18AB2EB00B9F00580CD8 /* PBXContainerItemProxy */ = {
			isa = PBXContainerItemProxy;
			containerPortal = 5D9D17F62EB0025B00580CD8 /* Project object */;
			proxyType = 1;
			remoteGlobalIDString = 5D9D18992EB00B9F00580CD8;
			remoteInfo = CPStorageKit;
		};
		5D9D18EC2EB0100600580CD8 /* PBXContainerItemProxy */ = {
			isa = PBXContainerItemProxy;
			containerPortal = 5D9D17F62EB0025B00580CD8 /* Project object */;
			proxyType = 1;
			remoteGlobalIDString = 5D9D18E12EB0100500580CD8;
			remoteInfo = CPUtilsKit;
		};
		5D9D18EE2EB0100600580CD8 /* PBXContainerItemProxy */ = {
			isa = PBXContainerItemProxy;
			containerPortal = 5D9D17F62EB0025B00580CD8 /* Project object */;
			proxyType = 1;
			remoteGlobalIDString = 5D9D17FD2EB0025B00580CD8;
			remoteInfo = ChargerSpotter;
		};
		5D9D18F32EB0100600580CD8 /* PBXContainerItemProxy */ = {
			isa = PBXContainerItemProxy;
			containerPortal = 5D9D17F62EB0025B00580CD8 /* Project object */;
			proxyType = 1;
			remoteGlobalIDString = 5D9D18E12EB0100500580CD8;
			remoteInfo = CPUtilsKit;
		};
		5D9D19262EB0168600580CD8 /* PBXContainerItemProxy */ = {
			isa = PBXContainerItemProxy;
			containerPortal = 5D9D17F62EB0025B00580CD8 /* Project object */;
			proxyType = 1;
			remoteGlobalIDString = 5D9D19142EB0168600580CD8;
			remoteInfo = CPUIKit;
		};
/* End PBXContainerItemProxy section */

/* Begin PBXCopyFilesBuildPhase section */
		5D9D18B22EB00B9F00580CD8 /* Embed Frameworks */ = {
			isa = PBXCopyFilesBuildPhase;
			buildActionMask = 2147483647;
			dstPath = "";
			dstSubfolderSpec = 10;
			files = (
				5D9D18F62EB0100600580CD8 /* CPUtilsKit.framework in Embed Frameworks */,
				5D9D19292EB0168600580CD8 /* CPUIKit.framework in Embed Frameworks */,
				5D9D18AE2EB00B9F00580CD8 /* CPStorageKit.framework in Embed Frameworks */,
			);
			name = "Embed Frameworks";
			runOnlyForDeploymentPostprocessing = 0;
		};
/* End PBXCopyFilesBuildPhase section */

/* Begin PBXFileReference section */
		5D9D17FE2EB0025B00580CD8 /* ChargerSpotter.app */ = {isa = PBXFileReference; explicitFileType = wrapper.application; includeInIndex = 0; path = ChargerSpotter.app; sourceTree = BUILT_PRODUCTS_DIR; };
		5D9D18172EB0025C00580CD8 /* ChargerSpotterTests.xctest */ = {isa = PBXFileReference; explicitFileType = wrapper.cfbundle; includeInIndex = 0; path = ChargerSpotterTests.xctest; sourceTree = BUILT_PRODUCTS_DIR; };
		5D9D18212EB0025C00580CD8 /* ChargerSpotterUITests.xctest */ = {isa = PBXFileReference; explicitFileType = wrapper.cfbundle; includeInIndex = 0; path = ChargerSpotterUITests.xctest; sourceTree = BUILT_PRODUCTS_DIR; };
		5D9D189A2EB00B9F00580CD8 /* CPStorageKit.framework */ = {isa = PBXFileReference; explicitFileType = wrapper.framework; includeInIndex = 0; path = CPStorageKit.framework; sourceTree = BUILT_PRODUCTS_DIR; };
		5D9D18A22EB00B9F00580CD8 /* CPStorageKitTests.xctest */ = {isa = PBXFileReference; explicitFileType = wrapper.cfbundle; includeInIndex = 0; path = CPStorageKitTests.xctest; sourceTree = BUILT_PRODUCTS_DIR; };
		5D9D18E22EB0100500580CD8 /* CPUtilsKit.framework */ = {isa = PBXFileReference; explicitFileType = wrapper.framework; includeInIndex = 0; path = CPUtilsKit.framework; sourceTree = BUILT_PRODUCTS_DIR; };
		5D9D18EA2EB0100600580CD8 /* CPUtilsKitTests.xctest */ = {isa = PBXFileReference; explicitFileType = wrapper.cfbundle; includeInIndex = 0; path = CPUtilsKitTests.xctest; sourceTree = BUILT_PRODUCTS_DIR; };
		5D9D19152EB0168600580CD8 /* CPUIKit.framework */ = {isa = PBXFileReference; explicitFileType = wrapper.framework; includeInIndex = 0; path = CPUIKit.framework; sourceTree = BUILT_PRODUCTS_DIR; };
/* End PBXFileReference section */

/* Begin PBXFileSystemSynchronizedBuildFileExceptionSet section */
		5D9D18292EB0025C00580CD8 /* Exceptions for "ChargerSpotter" folder in "ChargerSpotter" target */ = {
			isa = PBXFileSystemSynchronizedBuildFileExceptionSet;
			membershipExceptions = (
				resources/Info.plist,
			);
			target = 5D9D17FD2EB0025B00580CD8 /* ChargerSpotter */;
		};
/* End PBXFileSystemSynchronizedBuildFileExceptionSet section */

/* Begin PBXFileSystemSynchronizedRootGroup section */
		5D9D18002EB0025B00580CD8 /* ChargerSpotter */ = {
			isa = PBXFileSystemSynchronizedRootGroup;
			exceptions = (
				5D9D18292EB0025C00580CD8 /* Exceptions for "ChargerSpotter" folder in "ChargerSpotter" target */,
			);
			path = ChargerSpotter;
			sourceTree = "<group>";
		};
		5D9D181A2EB0025C00580CD8 /* ChargerSpotterTests */ = {
			isa = PBXFileSystemSynchronizedRootGroup;
			path = ChargerSpotterTests;
			sourceTree = "<group>";
		};
		5D9D18242EB0025C00580CD8 /* ChargerSpotterUITests */ = {
			isa = PBXFileSystemSynchronizedRootGroup;
			path = ChargerSpotterUITests;
			sourceTree = "<group>";
		};
		5D9D189B2EB00B9F00580CD8 /* CPStorageKit */ = {
			isa = PBXFileSystemSynchronizedRootGroup;
			path = CPStorageKit;
			sourceTree = "<group>";
		};
		5D9D18A82EB00B9F00580CD8 /* CPStorageKitTests */ = {
			isa = PBXFileSystemSynchronizedRootGroup;
			path = CPStorageKitTests;
			sourceTree = "<group>";
		};
		5D9D18E32EB0100500580CD8 /* CPUtilsKit */ = {
			isa = PBXFileSystemSynchronizedRootGroup;
			path = CPUtilsKit;
			sourceTree = "<group>";
		};
		5D9D18F02EB0100600580CD8 /* CPUtilsKitTests */ = {
			isa = PBXFileSystemSynchronizedRootGroup;
			path = CPUtilsKitTests;
			sourceTree = "<group>";
		};
		5D9D19162EB0168600580CD8 /* CPUIKit */ = {
			isa = PBXFileSystemSynchronizedRootGroup;
			path = CPUIKit;
			sourceTree = "<group>";
		};
/* End PBXFileSystemSynchronizedRootGroup section */

/* Begin PBXFrameworksBuildPhase section */
		5D9D17FB2EB0025B00580CD8 /* Frameworks */ = {
			isa = PBXFrameworksBuildPhase;
			buildActionMask = 2147483647;
			files = (
				5D9D19282EB0168600580CD8 /* CPUIKit.framework in Frameworks */,
				5D9D18F52EB0100600580CD8 /* CPUtilsKit.framework in Frameworks */,
				5D9D18552EB0056C00580CD8 /* Logging in Frameworks */,
				5D9D18522EB0053200580CD8 /* Factory in Frameworks */,
				5D9D18AD2EB00B9F00580CD8 /* CPStorageKit.framework in Frameworks */,
			);
			runOnlyForDeploymentPostprocessing = 0;
		};
		5D9D18142EB0025C00580CD8 /* Frameworks */ = {
			isa = PBXFrameworksBuildPhase;
			buildActionMask = 2147483647;
			files = (
			);
			runOnlyForDeploymentPostprocessing = 0;
		};
		5D9D181E2EB0025C00580CD8 /* Frameworks */ = {
			isa = PBXFrameworksBuildPhase;
			buildActionMask = 2147483647;
			files = (
			);
			runOnlyForDeploymentPostprocessing = 0;
		};
		5D9D18972EB00B9F00580CD8 /* Frameworks */ = {
			isa = PBXFrameworksBuildPhase;
			buildActionMask = 2147483647;
			files = (
			);
			runOnlyForDeploymentPostprocessing = 0;
		};
		5D9D189F2EB00B9F00580CD8 /* Frameworks */ = {
			isa = PBXFrameworksBuildPhase;
			buildActionMask = 2147483647;
			files = (
				5D9D18A32EB00B9F00580CD8 /* CPStorageKit.framework in Frameworks */,
			);
			runOnlyForDeploymentPostprocessing = 0;
		};
		5D9D18DF2EB0100500580CD8 /* Frameworks */ = {
			isa = PBXFrameworksBuildPhase;
			buildActionMask = 2147483647;
			files = (
				5D9D190F2EB0161400580CD8 /* Logging in Frameworks */,
			);
			runOnlyForDeploymentPostprocessing = 0;
		};
		5D9D18E72EB0100600580CD8 /* Frameworks */ = {
			isa = PBXFrameworksBuildPhase;
			buildActionMask = 2147483647;
			files = (
				5D9D18EB2EB0100600580CD8 /* CPUtilsKit.framework in Frameworks */,
			);
			runOnlyForDeploymentPostprocessing = 0;
		};
		5D9D19122EB0168600580CD8 /* Frameworks */ = {
			isa = PBXFrameworksBuildPhase;
			buildActionMask = 2147483647;
			files = (
			);
			runOnlyForDeploymentPostprocessing = 0;
		};
/* End PBXFrameworksBuildPhase section */

/* Begin PBXGroup section */
		5D9D17F52EB0025B00580CD8 = {
			isa = PBXGroup;
			children = (
				5D9D18002EB0025B00580CD8 /* ChargerSpotter */,
				5D9D181A2EB0025C00580CD8 /* ChargerSpotterTests */,
				5D9D18242EB0025C00580CD8 /* ChargerSpotterUITests */,
				5D9D189B2EB00B9F00580CD8 /* CPStorageKit */,
				5D9D18A82EB00B9F00580CD8 /* CPStorageKitTests */,
				5D9D18E32EB0100500580CD8 /* CPUtilsKit */,
				5D9D18F02EB0100600580CD8 /* CPUtilsKitTests */,
				5D9D19162EB0168600580CD8 /* CPUIKit */,
				5D9D190D2EB0161400580CD8 /* Frameworks */,
				5D9D17FF2EB0025B00580CD8 /* Products */,
			);
			sourceTree = "<group>";
		};
		5D9D17FF2EB0025B00580CD8 /* Products */ = {
			isa = PBXGroup;
			children = (
				5D9D17FE2EB0025B00580CD8 /* ChargerSpotter.app */,
				5D9D18172EB0025C00580CD8 /* ChargerSpotterTests.xctest */,
				5D9D18212EB0025C00580CD8 /* ChargerSpotterUITests.xctest */,
				5D9D189A2EB00B9F00580CD8 /* CPStorageKit.framework */,
				5D9D18A22EB00B9F00580CD8 /* CPStorageKitTests.xctest */,
				5D9D18E22EB0100500580CD8 /* CPUtilsKit.framework */,
				5D9D18EA2EB0100600580CD8 /* CPUtilsKitTests.xctest */,
				5D9D19152EB0168600580CD8 /* CPUIKit.framework */,
			);
			name = Products;
			sourceTree = "<group>";
		};
		5D9D190D2EB0161400580CD8 /* Frameworks */ = {
			isa = PBXGroup;
			children = (
			);
			name = Frameworks;
			sourceTree = "<group>";
		};
/* End PBXGroup section */

/* Begin PBXHeadersBuildPhase section */
		5D9D18952EB00B9F00580CD8 /* Headers */ = {
			isa = PBXHeadersBuildPhase;
			buildActionMask = 2147483647;
			files = (
			);
			runOnlyForDeploymentPostprocessing = 0;
		};
		5D9D18DD2EB0100500580CD8 /* Headers */ = {
			isa = PBXHeadersBuildPhase;
			buildActionMask = 2147483647;
			files = (
			);
			runOnlyForDeploymentPostprocessing = 0;
		};
		5D9D19102EB0168600580CD8 /* Headers */ = {
			isa = PBXHeadersBuildPhase;
			buildActionMask = 2147483647;
			files = (
			);
			runOnlyForDeploymentPostprocessing = 0;
		};
/* End PBXHeadersBuildPhase section */

/* Begin PBXNativeTarget section */
		5D9D17FD2EB0025B00580CD8 /* ChargerSpotter */ = {
			isa = PBXNativeTarget;
			buildConfigurationList = 5D9D182A2EB0025C00580CD8 /* Build configuration list for PBXNativeTarget "ChargerSpotter" */;
			buildPhases = (
				5D9D17FA2EB0025B00580CD8 /* Sources */,
				5D9D17FB2EB0025B00580CD8 /* Frameworks */,
				5D9D17FC2EB0025B00580CD8 /* Resources */,
				5D9D18B22EB00B9F00580CD8 /* Embed Frameworks */,
			);
			buildRules = (
			);
			dependencies = (
				5D9D18AC2EB00B9F00580CD8 /* PBXTargetDependency */,
				5D9D18F42EB0100600580CD8 /* PBXTargetDependency */,
				5D9D19272EB0168600580CD8 /* PBXTargetDependency */,
			);
			fileSystemSynchronizedGroups = (
				5D9D18002EB0025B00580CD8 /* ChargerSpotter */,
			);
			name = ChargerSpotter;
			packageProductDependencies = (
				5D9D18512EB0053200580CD8 /* Factory */,
				5D9D18542EB0056C00580CD8 /* Logging */,
			);
			productName = ChargerSpotter;
			productReference = 5D9D17FE2EB0025B00580CD8 /* ChargerSpotter.app */;
			productType = "com.apple.product-type.application";
		};
		5D9D18162EB0025C00580CD8 /* ChargerSpotterTests */ = {
			isa = PBXNativeTarget;
			buildConfigurationList = 5D9D182F2EB0025C00580CD8 /* Build configuration list for PBXNativeTarget "ChargerSpotterTests" */;
			buildPhases = (
				5D9D18132EB0025C00580CD8 /* Sources */,
				5D9D18142EB0025C00580CD8 /* Frameworks */,
				5D9D18152EB0025C00580CD8 /* Resources */,
			);
			buildRules = (
			);
			dependencies = (
				5D9D18192EB0025C00580CD8 /* PBXTargetDependency */,
			);
			fileSystemSynchronizedGroups = (
				5D9D181A2EB0025C00580CD8 /* ChargerSpotterTests */,
			);
			name = ChargerSpotterTests;
			packageProductDependencies = (
			);
			productName = ChargerSpotterTests;
			productReference = 5D9D18172EB0025C00580CD8 /* ChargerSpotterTests.xctest */;
			productType = "com.apple.product-type.bundle.unit-test";
		};
		5D9D18202EB0025C00580CD8 /* ChargerSpotterUITests */ = {
			isa = PBXNativeTarget;
			buildConfigurationList = 5D9D18322EB0025C00580CD8 /* Build configuration list for PBXNativeTarget "ChargerSpotterUITests" */;
			buildPhases = (
				5D9D181D2EB0025C00580CD8 /* Sources */,
				5D9D181E2EB0025C00580CD8 /* Frameworks */,
				5D9D181F2EB0025C00580CD8 /* Resources */,
			);
			buildRules = (
			);
			dependencies = (
				5D9D18232EB0025C00580CD8 /* PBXTargetDependency */,
			);
			fileSystemSynchronizedGroups = (
				5D9D18242EB0025C00580CD8 /* ChargerSpotterUITests */,
			);
			name = ChargerSpotterUITests;
			packageProductDependencies = (
			);
			productName = ChargerSpotterUITests;
			productReference = 5D9D18212EB0025C00580CD8 /* ChargerSpotterUITests.xctest */;
			productType = "com.apple.product-type.bundle.ui-testing";
		};
		5D9D18992EB00B9F00580CD8 /* CPStorageKit */ = {
			isa = PBXNativeTarget;
			buildConfigurationList = 5D9D18AF2EB00B9F00580CD8 /* Build configuration list for PBXNativeTarget "CPStorageKit" */;
			buildPhases = (
				5D9D18952EB00B9F00580CD8 /* Headers */,
				5D9D18962EB00B9F00580CD8 /* Sources */,
				5D9D18972EB00B9F00580CD8 /* Frameworks */,
				5D9D18982EB00B9F00580CD8 /* Resources */,
			);
			buildRules = (
			);
			dependencies = (
			);
			fileSystemSynchronizedGroups = (
				5D9D189B2EB00B9F00580CD8 /* CPStorageKit */,
			);
			name = CPStorageKit;
			packageProductDependencies = (
			);
			productName = CPStorageKit;
			productReference = 5D9D189A2EB00B9F00580CD8 /* CPStorageKit.framework */;
			productType = "com.apple.product-type.framework";
		};
		5D9D18A12EB00B9F00580CD8 /* CPStorageKitTests */ = {
			isa = PBXNativeTarget;
			buildConfigurationList = 5D9D18B32EB00B9F00580CD8 /* Build configuration list for PBXNativeTarget "CPStorageKitTests" */;
			buildPhases = (
				5D9D189E2EB00B9F00580CD8 /* Sources */,
				5D9D189F2EB00B9F00580CD8 /* Frameworks */,
				5D9D18A02EB00B9F00580CD8 /* Resources */,
			);
			buildRules = (
			);
			dependencies = (
				5D9D18A52EB00B9F00580CD8 /* PBXTargetDependency */,
				5D9D18A72EB00B9F00580CD8 /* PBXTargetDependency */,
			);
			fileSystemSynchronizedGroups = (
				5D9D18A82EB00B9F00580CD8 /* CPStorageKitTests */,
			);
			name = CPStorageKitTests;
			packageProductDependencies = (
			);
			productName = CPStorageKitTests;
			productReference = 5D9D18A22EB00B9F00580CD8 /* CPStorageKitTests.xctest */;
			productType = "com.apple.product-type.bundle.unit-test";
		};
		5D9D18E12EB0100500580CD8 /* CPUtilsKit */ = {
			isa = PBXNativeTarget;
			buildConfigurationList = 5D9D18F72EB0100600580CD8 /* Build configuration list for PBXNativeTarget "CPUtilsKit" */;
			buildPhases = (
				5D9D18DD2EB0100500580CD8 /* Headers */,
				5D9D18DE2EB0100500580CD8 /* Sources */,
				5D9D18DF2EB0100500580CD8 /* Frameworks */,
				5D9D18E02EB0100500580CD8 /* Resources */,
			);
			buildRules = (
			);
			dependencies = (
			);
			fileSystemSynchronizedGroups = (
				5D9D18E32EB0100500580CD8 /* CPUtilsKit */,
			);
			name = CPUtilsKit;
			packageProductDependencies = (
				5D9D190E2EB0161400580CD8 /* Logging */,
			);
			productName = CPUtilsKit;
			productReference = 5D9D18E22EB0100500580CD8 /* CPUtilsKit.framework */;
			productType = "com.apple.product-type.framework";
		};
		5D9D18E92EB0100600580CD8 /* CPUtilsKitTests */ = {
			isa = PBXNativeTarget;
			buildConfigurationList = 5D9D18FA2EB0100600580CD8 /* Build configuration list for PBXNativeTarget "CPUtilsKitTests" */;
			buildPhases = (
				5D9D18E62EB0100600580CD8 /* Sources */,
				5D9D18E72EB0100600580CD8 /* Frameworks */,
				5D9D18E82EB0100600580CD8 /* Resources */,
			);
			buildRules = (
			);
			dependencies = (
				5D9D18ED2EB0100600580CD8 /* PBXTargetDependency */,
				5D9D18EF2EB0100600580CD8 /* PBXTargetDependency */,
			);
			fileSystemSynchronizedGroups = (
				5D9D18F02EB0100600580CD8 /* CPUtilsKitTests */,
			);
			name = CPUtilsKitTests;
			packageProductDependencies = (
			);
			productName = CPUtilsKitTests;
			productReference = 5D9D18EA2EB0100600580CD8 /* CPUtilsKitTests.xctest */;
			productType = "com.apple.product-type.bundle.unit-test";
		};
		5D9D19142EB0168600580CD8 /* CPUIKit */ = {
			isa = PBXNativeTarget;
			buildConfigurationList = 5D9D192A2EB0168600580CD8 /* Build configuration list for PBXNativeTarget "CPUIKit" */;
			buildPhases = (
				5D9D19102EB0168600580CD8 /* Headers */,
				5D9D19112EB0168600580CD8 /* Sources */,
				5D9D19122EB0168600580CD8 /* Frameworks */,
				5D9D19132EB0168600580CD8 /* Resources */,
			);
			buildRules = (
			);
			dependencies = (
			);
			fileSystemSynchronizedGroups = (
				5D9D19162EB0168600580CD8 /* CPUIKit */,
			);
			name = CPUIKit;
			packageProductDependencies = (
			);
			productName = CPUIKit;
			productReference = 5D9D19152EB0168600580CD8 /* CPUIKit.framework */;
			productType = "com.apple.product-type.framework";
		};
/* End PBXNativeTarget section */

/* Begin PBXProject section */
		5D9D17F62EB0025B00580CD8 /* Project object */ = {
			isa = PBXProject;
			attributes = {
				BuildIndependentTargetsInParallel = 1;
				LastSwiftUpdateCheck = 2600;
				LastUpgradeCheck = 2600;
				TargetAttributes = {
					5D9D17FD2EB0025B00580CD8 = {
						CreatedOnToolsVersion = 26.0.1;
					};
					5D9D18162EB0025C00580CD8 = {
						CreatedOnToolsVersion = 26.0.1;
						LastSwiftMigration = 2600;
						TestTargetID = 5D9D17FD2EB0025B00580CD8;
					};
					5D9D18202EB0025C00580CD8 = {
						CreatedOnToolsVersion = 26.0.1;
						LastSwiftMigration = 2600;
						TestTargetID = 5D9D17FD2EB0025B00580CD8;
					};
					5D9D18992EB00B9F00580CD8 = {
						CreatedOnToolsVersion = 26.0.1;
					};
					5D9D18A12EB00B9F00580CD8 = {
						CreatedOnToolsVersion = 26.0.1;
						LastSwiftMigration = 2600;
						TestTargetID = 5D9D17FD2EB0025B00580CD8;
					};
					5D9D18E12EB0100500580CD8 = {
						CreatedOnToolsVersion = 26.0.1;
					};
					5D9D18E92EB0100600580CD8 = {
						CreatedOnToolsVersion = 26.0.1;
						LastSwiftMigration = 2600;
						TestTargetID = 5D9D17FD2EB0025B00580CD8;
					};
					5D9D19142EB0168600580CD8 = {
						CreatedOnToolsVersion = 26.0.1;
					};
				};
			};
			buildConfigurationList = 5D9D17F92EB0025B00580CD8 /* Build configuration list for PBXProject "ChargerSpotter" */;
			developmentRegion = en;
			hasScannedForEncodings = 0;
			knownRegions = (
				en,
				Base,
			);
			mainGroup = 5D9D17F52EB0025B00580CD8;
			minimizedProjectReferenceProxies = 1;
			packageReferences = (
				5D9D18502EB0053200580CD8 /* XCRemoteSwiftPackageReference "Factory" */,
				5D9D18532EB0056C00580CD8 /* XCRemoteSwiftPackageReference "swift-log" */,
			);
			preferredProjectObjectVersion = 77;
			productRefGroup = 5D9D17FF2EB0025B00580CD8 /* Products */;
			projectDirPath = "";
			projectRoot = "";
			targets = (
				5D9D17FD2EB0025B00580CD8 /* ChargerSpotter */,
				5D9D18162EB0025C00580CD8 /* ChargerSpotterTests */,
				5D9D18202EB0025C00580CD8 /* ChargerSpotterUITests */,
				5D9D18992EB00B9F00580CD8 /* CPStorageKit */,
				5D9D18A12EB00B9F00580CD8 /* CPStorageKitTests */,
				5D9D18E12EB0100500580CD8 /* CPUtilsKit */,
				5D9D18E92EB0100600580CD8 /* CPUtilsKitTests */,
				5D9D19142EB0168600580CD8 /* CPUIKit */,
			);
		};
/* End PBXProject section */

/* Begin PBXResourcesBuildPhase section */
		5D9D17FC2EB0025B00580CD8 /* Resources */ = {
			isa = PBXResourcesBuildPhase;
			buildActionMask = 2147483647;
			files = (
			);
			runOnlyForDeploymentPostprocessing = 0;
		};
		5D9D18152EB0025C00580CD8 /* Resources */ = {
			isa = PBXResourcesBuildPhase;
			buildActionMask = 2147483647;
			files = (
			);
			runOnlyForDeploymentPostprocessing = 0;
		};
		5D9D181F2EB0025C00580CD8 /* Resources */ = {
			isa = PBXResourcesBuildPhase;
			buildActionMask = 2147483647;
			files = (
			);
			runOnlyForDeploymentPostprocessing = 0;
		};
		5D9D18982EB00B9F00580CD8 /* Resources */ = {
			isa = PBXResourcesBuildPhase;
			buildActionMask = 2147483647;
			files = (
			);
			runOnlyForDeploymentPostprocessing = 0;
		};
		5D9D18A02EB00B9F00580CD8 /* Resources */ = {
			isa = PBXResourcesBuildPhase;
			buildActionMask = 2147483647;
			files = (
			);
			runOnlyForDeploymentPostprocessing = 0;
		};
		5D9D18E02EB0100500580CD8 /* Resources */ = {
			isa = PBXResourcesBuildPhase;
			buildActionMask = 2147483647;
			files = (
			);
			runOnlyForDeploymentPostprocessing = 0;
		};
		5D9D18E82EB0100600580CD8 /* Resources */ = {
			isa = PBXResourcesBuildPhase;
			buildActionMask = 2147483647;
			files = (
			);
			runOnlyForDeploymentPostprocessing = 0;
		};
		5D9D19132EB0168600580CD8 /* Resources */ = {
			isa = PBXResourcesBuildPhase;
			buildActionMask = 2147483647;
			files = (
			);
			runOnlyForDeploymentPostprocessing = 0;
		};
/* End PBXResourcesBuildPhase section */

/* Begin PBXSourcesBuildPhase section */
		5D9D17FA2EB0025B00580CD8 /* Sources */ = {
			isa = PBXSourcesBuildPhase;
			buildActionMask = 2147483647;
			files = (
			);
			runOnlyForDeploymentPostprocessing = 0;
		};
		5D9D18132EB0025C00580CD8 /* Sources */ = {
			isa = PBXSourcesBuildPhase;
			buildActionMask = 2147483647;
			files = (
			);
			runOnlyForDeploymentPostprocessing = 0;
		};
		5D9D181D2EB0025C00580CD8 /* Sources */ = {
			isa = PBXSourcesBuildPhase;
			buildActionMask = 2147483647;
			files = (
			);
			runOnlyForDeploymentPostprocessing = 0;
		};
		5D9D18962EB00B9F00580CD8 /* Sources */ = {
			isa = PBXSourcesBuildPhase;
			buildActionMask = 2147483647;
			files = (
			);
			runOnlyForDeploymentPostprocessing = 0;
		};
		5D9D189E2EB00B9F00580CD8 /* Sources */ = {
			isa = PBXSourcesBuildPhase;
			buildActionMask = 2147483647;
			files = (
			);
			runOnlyForDeploymentPostprocessing = 0;
		};
		5D9D18DE2EB0100500580CD8 /* Sources */ = {
			isa = PBXSourcesBuildPhase;
			buildActionMask = 2147483647;
			files = (
			);
			runOnlyForDeploymentPostprocessing = 0;
		};
		5D9D18E62EB0100600580CD8 /* Sources */ = {
			isa = PBXSourcesBuildPhase;
			buildActionMask = 2147483647;
			files = (
			);
			runOnlyForDeploymentPostprocessing = 0;
		};
		5D9D19112EB0168600580CD8 /* Sources */ = {
			isa = PBXSourcesBuildPhase;
			buildActionMask = 2147483647;
			files = (
			);
			runOnlyForDeploymentPostprocessing = 0;
		};
/* End PBXSourcesBuildPhase section */

/* Begin PBXTargetDependency section */
		5D9D18192EB0025C00580CD8 /* PBXTargetDependency */ = {
			isa = PBXTargetDependency;
			target = 5D9D17FD2EB0025B00580CD8 /* ChargerSpotter */;
			targetProxy = 5D9D18182EB0025C00580CD8 /* PBXContainerItemProxy */;
		};
		5D9D18232EB0025C00580CD8 /* PBXTargetDependency */ = {
			isa = PBXTargetDependency;
			target = 5D9D17FD2EB0025B00580CD8 /* ChargerSpotter */;
			targetProxy = 5D9D18222EB0025C00580CD8 /* PBXContainerItemProxy */;
		};
		5D9D18A52EB00B9F00580CD8 /* PBXTargetDependency */ = {
			isa = PBXTargetDependency;
			target = 5D9D18992EB00B9F00580CD8 /* CPStorageKit */;
			targetProxy = 5D9D18A42EB00B9F00580CD8 /* PBXContainerItemProxy */;
		};
		5D9D18A72EB00B9F00580CD8 /* PBXTargetDependency */ = {
			isa = PBXTargetDependency;
			target = 5D9D17FD2EB0025B00580CD8 /* ChargerSpotter */;
			targetProxy = 5D9D18A62EB00B9F00580CD8 /* PBXContainerItemProxy */;
		};
		5D9D18AC2EB00B9F00580CD8 /* PBXTargetDependency */ = {
			isa = PBXTargetDependency;
			target = 5D9D18992EB00B9F00580CD8 /* CPStorageKit */;
			targetProxy = 5D9D18AB2EB00B9F00580CD8 /* PBXContainerItemProxy */;
		};
		5D9D18ED2EB0100600580CD8 /* PBXTargetDependency */ = {
			isa = PBXTargetDependency;
			target = 5D9D18E12EB0100500580CD8 /* CPUtilsKit */;
			targetProxy = 5D9D18EC2EB0100600580CD8 /* PBXContainerItemProxy */;
		};
		5D9D18EF2EB0100600580CD8 /* PBXTargetDependency */ = {
			isa = PBXTargetDependency;
			target = 5D9D17FD2EB0025B00580CD8 /* ChargerSpotter */;
			targetProxy = 5D9D18EE2EB0100600580CD8 /* PBXContainerItemProxy */;
		};
		5D9D18F42EB0100600580CD8 /* PBXTargetDependency */ = {
			isa = PBXTargetDependency;
			target = 5D9D18E12EB0100500580CD8 /* CPUtilsKit */;
			targetProxy = 5D9D18F32EB0100600580CD8 /* PBXContainerItemProxy */;
		};
		5D9D19272EB0168600580CD8 /* PBXTargetDependency */ = {
			isa = PBXTargetDependency;
			target = 5D9D19142EB0168600580CD8 /* CPUIKit */;
			targetProxy = 5D9D19262EB0168600580CD8 /* PBXContainerItemProxy */;
		};
/* End PBXTargetDependency section */

/* Begin XCBuildConfiguration section */
		5D9D182B2EB0025C00580CD8 /* Debug */ = {
			isa = XCBuildConfiguration;
			buildSettings = {
				ASSETCATALOG_COMPILER_APPICON_NAME = AppIcon;
				ASSETCATALOG_COMPILER_GLOBAL_ACCENT_COLOR_NAME = AccentColor;
				CODE_SIGN_STYLE = Automatic;
				CURRENT_PROJECT_VERSION = 0;
				DEVELOPMENT_TEAM = 7FCTC6DRE7;
				GENERATE_INFOPLIST_FILE = YES;
				INFOPLIST_FILE = ChargerSpotter/resources/Info.plist;
				INFOPLIST_KEY_CFBundleDisplayName = "Charger Spotter";
				INFOPLIST_KEY_LSApplicationCategoryType = "public.app-category.productivity";
				INFOPLIST_KEY_UIApplicationSupportsIndirectInputEvents = YES;
				INFOPLIST_KEY_UILaunchStoryboardName = LaunchScreen;
				INFOPLIST_KEY_UISupportedInterfaceOrientations_iPad = "UIInterfaceOrientationPortrait UIInterfaceOrientationPortraitUpsideDown UIInterfaceOrientationLandscapeLeft UIInterfaceOrientationLandscapeRight";
				INFOPLIST_KEY_UISupportedInterfaceOrientations_iPhone = "UIInterfaceOrientationPortrait UIInterfaceOrientationLandscapeLeft UIInterfaceOrientationLandscapeRight";
				IPHONEOS_DEPLOYMENT_TARGET = 16.0;
				LD_RUNPATH_SEARCH_PATHS = (
					"$(inherited)",
					"@executable_path/Frameworks",
				);
				MARKETING_VERSION = 1.0.0;
				PRODUCT_BUNDLE_IDENTIFIER = com.azizbekasadov.ChargerSpotter;
				PRODUCT_NAME = "$(TARGET_NAME)";
				STRING_CATALOG_GENERATE_SYMBOLS = YES;
				SWIFT_APPROACHABLE_CONCURRENCY = YES;
				SWIFT_DEFAULT_ACTOR_ISOLATION = MainActor;
				SWIFT_EMIT_LOC_STRINGS = YES;
				SWIFT_UPCOMING_FEATURE_MEMBER_IMPORT_VISIBILITY = YES;
				SWIFT_VERSION = 5.0;
				TARGETED_DEVICE_FAMILY = "1,2";
			};
			name = Debug;
		};
		5D9D182C2EB0025C00580CD8 /* Release */ = {
			isa = XCBuildConfiguration;
			buildSettings = {
				ASSETCATALOG_COMPILER_APPICON_NAME = AppIcon;
				ASSETCATALOG_COMPILER_GLOBAL_ACCENT_COLOR_NAME = AccentColor;
				CODE_SIGN_STYLE = Automatic;
				CURRENT_PROJECT_VERSION = 0;
				DEVELOPMENT_TEAM = 7FCTC6DRE7;
				GENERATE_INFOPLIST_FILE = YES;
				INFOPLIST_FILE = ChargerSpotter/resources/Info.plist;
				INFOPLIST_KEY_CFBundleDisplayName = "Charger Spotter";
				INFOPLIST_KEY_LSApplicationCategoryType = "public.app-category.productivity";
				INFOPLIST_KEY_UIApplicationSupportsIndirectInputEvents = YES;
				INFOPLIST_KEY_UILaunchStoryboardName = LaunchScreen;
				INFOPLIST_KEY_UISupportedInterfaceOrientations_iPad = "UIInterfaceOrientationPortrait UIInterfaceOrientationPortraitUpsideDown UIInterfaceOrientationLandscapeLeft UIInterfaceOrientationLandscapeRight";
				INFOPLIST_KEY_UISupportedInterfaceOrientations_iPhone = "UIInterfaceOrientationPortrait UIInterfaceOrientationLandscapeLeft UIInterfaceOrientationLandscapeRight";
				IPHONEOS_DEPLOYMENT_TARGET = 16.0;
				LD_RUNPATH_SEARCH_PATHS = (
					"$(inherited)",
					"@executable_path/Frameworks",
				);
				MARKETING_VERSION = 1.0.0;
				PRODUCT_BUNDLE_IDENTIFIER = com.azizbekasadov.ChargerSpotter;
				PRODUCT_NAME = "$(TARGET_NAME)";
				STRING_CATALOG_GENERATE_SYMBOLS = YES;
				SWIFT_APPROACHABLE_CONCURRENCY = YES;
				SWIFT_DEFAULT_ACTOR_ISOLATION = MainActor;
				SWIFT_EMIT_LOC_STRINGS = YES;
				SWIFT_UPCOMING_FEATURE_MEMBER_IMPORT_VISIBILITY = YES;
				SWIFT_VERSION = 5.0;
				TARGETED_DEVICE_FAMILY = "1,2";
			};
			name = Release;
		};
		5D9D182D2EB0025C00580CD8 /* Debug */ = {
			isa = XCBuildConfiguration;
			buildSettings = {
				ALWAYS_SEARCH_USER_PATHS = NO;
				ASSETCATALOG_COMPILER_GENERATE_SWIFT_ASSET_SYMBOL_EXTENSIONS = YES;
				CLANG_ANALYZER_NONNULL = YES;
				CLANG_ANALYZER_NUMBER_OBJECT_CONVERSION = YES_AGGRESSIVE;
				CLANG_CXX_LANGUAGE_STANDARD = "gnu++20";
				CLANG_ENABLE_MODULES = YES;
				CLANG_ENABLE_OBJC_ARC = YES;
				CLANG_ENABLE_OBJC_WEAK = YES;
				CLANG_WARN_BLOCK_CAPTURE_AUTORELEASING = YES;
				CLANG_WARN_BOOL_CONVERSION = YES;
				CLANG_WARN_COMMA = YES;
				CLANG_WARN_CONSTANT_CONVERSION = YES;
				CLANG_WARN_DEPRECATED_OBJC_IMPLEMENTATIONS = YES;
				CLANG_WARN_DIRECT_OBJC_ISA_USAGE = YES_ERROR;
				CLANG_WARN_DOCUMENTATION_COMMENTS = YES;
				CLANG_WARN_EMPTY_BODY = YES;
				CLANG_WARN_ENUM_CONVERSION = YES;
				CLANG_WARN_INFINITE_RECURSION = YES;
				CLANG_WARN_INT_CONVERSION = YES;
				CLANG_WARN_NON_LITERAL_NULL_CONVERSION = YES;
				CLANG_WARN_OBJC_IMPLICIT_RETAIN_SELF = YES;
				CLANG_WARN_OBJC_LITERAL_CONVERSION = YES;
				CLANG_WARN_OBJC_ROOT_CLASS = YES_ERROR;
				CLANG_WARN_QUOTED_INCLUDE_IN_FRAMEWORK_HEADER = YES;
				CLANG_WARN_RANGE_LOOP_ANALYSIS = YES;
				CLANG_WARN_STRICT_PROTOTYPES = YES;
				CLANG_WARN_SUSPICIOUS_MOVE = YES;
				CLANG_WARN_UNGUARDED_AVAILABILITY = YES_AGGRESSIVE;
				CLANG_WARN_UNREACHABLE_CODE = YES;
				CLANG_WARN__DUPLICATE_METHOD_MATCH = YES;
				COPY_PHASE_STRIP = NO;
				DEBUG_INFORMATION_FORMAT = dwarf;
				DEVELOPMENT_TEAM = 7FCTC6DRE7;
				ENABLE_STRICT_OBJC_MSGSEND = YES;
				ENABLE_TESTABILITY = YES;
				ENABLE_USER_SCRIPT_SANDBOXING = YES;
				GCC_C_LANGUAGE_STANDARD = gnu17;
				GCC_DYNAMIC_NO_PIC = NO;
				GCC_NO_COMMON_BLOCKS = YES;
				GCC_OPTIMIZATION_LEVEL = 0;
				GCC_PREPROCESSOR_DEFINITIONS = (
					"DEBUG=1",
					"$(inherited)",
				);
				GCC_WARN_64_TO_32_BIT_CONVERSION = YES;
				GCC_WARN_ABOUT_RETURN_TYPE = YES_ERROR;
				GCC_WARN_UNDECLARED_SELECTOR = YES;
				GCC_WARN_UNINITIALIZED_AUTOS = YES_AGGRESSIVE;
				GCC_WARN_UNUSED_FUNCTION = YES;
				GCC_WARN_UNUSED_VARIABLE = YES;
				IPHONEOS_DEPLOYMENT_TARGET = 26.0;
				LOCALIZATION_PREFERS_STRING_CATALOGS = YES;
				MTL_ENABLE_DEBUG_INFO = INCLUDE_SOURCE;
				MTL_FAST_MATH = YES;
				ONLY_ACTIVE_ARCH = YES;
				SDKROOT = iphoneos;
				SWIFT_ACTIVE_COMPILATION_CONDITIONS = "DEBUG $(inherited)";
				SWIFT_OPTIMIZATION_LEVEL = "-Onone";
			};
			name = Debug;
		};
		5D9D182E2EB0025C00580CD8 /* Release */ = {
			isa = XCBuildConfiguration;
			buildSettings = {
				ALWAYS_SEARCH_USER_PATHS = NO;
				ASSETCATALOG_COMPILER_GENERATE_SWIFT_ASSET_SYMBOL_EXTENSIONS = YES;
				CLANG_ANALYZER_NONNULL = YES;
				CLANG_ANALYZER_NUMBER_OBJECT_CONVERSION = YES_AGGRESSIVE;
				CLANG_CXX_LANGUAGE_STANDARD = "gnu++20";
				CLANG_ENABLE_MODULES = YES;
				CLANG_ENABLE_OBJC_ARC = YES;
				CLANG_ENABLE_OBJC_WEAK = YES;
				CLANG_WARN_BLOCK_CAPTURE_AUTORELEASING = YES;
				CLANG_WARN_BOOL_CONVERSION = YES;
				CLANG_WARN_COMMA = YES;
				CLANG_WARN_CONSTANT_CONVERSION = YES;
				CLANG_WARN_DEPRECATED_OBJC_IMPLEMENTATIONS = YES;
				CLANG_WARN_DIRECT_OBJC_ISA_USAGE = YES_ERROR;
				CLANG_WARN_DOCUMENTATION_COMMENTS = YES;
				CLANG_WARN_EMPTY_BODY = YES;
				CLANG_WARN_ENUM_CONVERSION = YES;
				CLANG_WARN_INFINITE_RECURSION = YES;
				CLANG_WARN_INT_CONVERSION = YES;
				CLANG_WARN_NON_LITERAL_NULL_CONVERSION = YES;
				CLANG_WARN_OBJC_IMPLICIT_RETAIN_SELF = YES;
				CLANG_WARN_OBJC_LITERAL_CONVERSION = YES;
				CLANG_WARN_OBJC_ROOT_CLASS = YES_ERROR;
				CLANG_WARN_QUOTED_INCLUDE_IN_FRAMEWORK_HEADER = YES;
				CLANG_WARN_RANGE_LOOP_ANALYSIS = YES;
				CLANG_WARN_STRICT_PROTOTYPES = YES;
				CLANG_WARN_SUSPICIOUS_MOVE = YES;
				CLANG_WARN_UNGUARDED_AVAILABILITY = YES_AGGRESSIVE;
				CLANG_WARN_UNREACHABLE_CODE = YES;
				CLANG_WARN__DUPLICATE_METHOD_MATCH = YES;
				COPY_PHASE_STRIP = NO;
				DEBUG_INFORMATION_FORMAT = "dwarf-with-dsym";
				DEVELOPMENT_TEAM = 7FCTC6DRE7;
				ENABLE_NS_ASSERTIONS = NO;
				ENABLE_STRICT_OBJC_MSGSEND = YES;
				ENABLE_USER_SCRIPT_SANDBOXING = YES;
				GCC_C_LANGUAGE_STANDARD = gnu17;
				GCC_NO_COMMON_BLOCKS = YES;
				GCC_WARN_64_TO_32_BIT_CONVERSION = YES;
				GCC_WARN_ABOUT_RETURN_TYPE = YES_ERROR;
				GCC_WARN_UNDECLARED_SELECTOR = YES;
				GCC_WARN_UNINITIALIZED_AUTOS = YES_AGGRESSIVE;
				GCC_WARN_UNUSED_FUNCTION = YES;
				GCC_WARN_UNUSED_VARIABLE = YES;
				IPHONEOS_DEPLOYMENT_TARGET = 26.0;
				LOCALIZATION_PREFERS_STRING_CATALOGS = YES;
				MTL_ENABLE_DEBUG_INFO = NO;
				MTL_FAST_MATH = YES;
				SDKROOT = iphoneos;
				SWIFT_COMPILATION_MODE = wholemodule;
				VALIDATE_PRODUCT = YES;
			};
			name = Release;
		};
		5D9D18302EB0025C00580CD8 /* Debug */ = {
			isa = XCBuildConfiguration;
			buildSettings = {
				BUNDLE_LOADER = "$(TEST_HOST)";
				CLANG_ENABLE_MODULES = YES;
				CODE_SIGN_STYLE = Automatic;
				CURRENT_PROJECT_VERSION = 1;
				DEVELOPMENT_TEAM = 7FCTC6DRE7;
				GENERATE_INFOPLIST_FILE = YES;
				IPHONEOS_DEPLOYMENT_TARGET = 26.0;
				MARKETING_VERSION = 1.0;
				PRODUCT_BUNDLE_IDENTIFIER = com.azizbekasadov.ChargerSpotterTests;
				PRODUCT_NAME = "$(TARGET_NAME)";
				STRING_CATALOG_GENERATE_SYMBOLS = NO;
				SWIFT_APPROACHABLE_CONCURRENCY = YES;
				SWIFT_EMIT_LOC_STRINGS = NO;
				SWIFT_OPTIMIZATION_LEVEL = "-Onone";
				SWIFT_UPCOMING_FEATURE_MEMBER_IMPORT_VISIBILITY = YES;
				SWIFT_VERSION = 5.0;
				TARGETED_DEVICE_FAMILY = "1,2";
				TEST_HOST = "$(BUILT_PRODUCTS_DIR)/ChargerSpotter.app/$(BUNDLE_EXECUTABLE_FOLDER_PATH)/ChargerSpotter";
			};
			name = Debug;
		};
		5D9D18312EB0025C00580CD8 /* Release */ = {
			isa = XCBuildConfiguration;
			buildSettings = {
				BUNDLE_LOADER = "$(TEST_HOST)";
				CLANG_ENABLE_MODULES = YES;
				CODE_SIGN_STYLE = Automatic;
				CURRENT_PROJECT_VERSION = 1;
				DEVELOPMENT_TEAM = 7FCTC6DRE7;
				GENERATE_INFOPLIST_FILE = YES;
				IPHONEOS_DEPLOYMENT_TARGET = 26.0;
				MARKETING_VERSION = 1.0;
				PRODUCT_BUNDLE_IDENTIFIER = com.azizbekasadov.ChargerSpotterTests;
				PRODUCT_NAME = "$(TARGET_NAME)";
				STRING_CATALOG_GENERATE_SYMBOLS = NO;
				SWIFT_APPROACHABLE_CONCURRENCY = YES;
				SWIFT_EMIT_LOC_STRINGS = NO;
				SWIFT_UPCOMING_FEATURE_MEMBER_IMPORT_VISIBILITY = YES;
				SWIFT_VERSION = 5.0;
				TARGETED_DEVICE_FAMILY = "1,2";
				TEST_HOST = "$(BUILT_PRODUCTS_DIR)/ChargerSpotter.app/$(BUNDLE_EXECUTABLE_FOLDER_PATH)/ChargerSpotter";
			};
			name = Release;
		};
		5D9D18332EB0025C00580CD8 /* Debug */ = {
			isa = XCBuildConfiguration;
			buildSettings = {
				CLANG_ENABLE_MODULES = YES;
				CODE_SIGN_STYLE = Automatic;
				CURRENT_PROJECT_VERSION = 1;
				DEVELOPMENT_TEAM = 7FCTC6DRE7;
				GENERATE_INFOPLIST_FILE = YES;
				MARKETING_VERSION = 1.0;
				PRODUCT_BUNDLE_IDENTIFIER = com.azizbekasadov.ChargerSpotterUITests;
				PRODUCT_NAME = "$(TARGET_NAME)";
				STRING_CATALOG_GENERATE_SYMBOLS = NO;
				SWIFT_APPROACHABLE_CONCURRENCY = YES;
				SWIFT_EMIT_LOC_STRINGS = NO;
				SWIFT_OPTIMIZATION_LEVEL = "-Onone";
				SWIFT_UPCOMING_FEATURE_MEMBER_IMPORT_VISIBILITY = YES;
				SWIFT_VERSION = 5.0;
				TARGETED_DEVICE_FAMILY = "1,2";
				TEST_TARGET_NAME = ChargerSpotter;
			};
			name = Debug;
		};
		5D9D18342EB0025C00580CD8 /* Release */ = {
			isa = XCBuildConfiguration;
			buildSettings = {
				CLANG_ENABLE_MODULES = YES;
				CODE_SIGN_STYLE = Automatic;
				CURRENT_PROJECT_VERSION = 1;
				DEVELOPMENT_TEAM = 7FCTC6DRE7;
				GENERATE_INFOPLIST_FILE = YES;
				MARKETING_VERSION = 1.0;
				PRODUCT_BUNDLE_IDENTIFIER = com.azizbekasadov.ChargerSpotterUITests;
				PRODUCT_NAME = "$(TARGET_NAME)";
				STRING_CATALOG_GENERATE_SYMBOLS = NO;
				SWIFT_APPROACHABLE_CONCURRENCY = YES;
				SWIFT_EMIT_LOC_STRINGS = NO;
				SWIFT_UPCOMING_FEATURE_MEMBER_IMPORT_VISIBILITY = YES;
				SWIFT_VERSION = 5.0;
				TARGETED_DEVICE_FAMILY = "1,2";
				TEST_TARGET_NAME = ChargerSpotter;
			};
			name = Release;
		};
		5D9D18B02EB00B9F00580CD8 /* Debug */ = {
			isa = XCBuildConfiguration;
			buildSettings = {
				BUILD_LIBRARY_FOR_DISTRIBUTION = YES;
				CODE_SIGN_STYLE = Automatic;
				CURRENT_PROJECT_VERSION = 1;
				DEVELOPMENT_TEAM = 7FCTC6DRE7;
				DYLIB_COMPATIBILITY_VERSION = 1;
				DYLIB_CURRENT_VERSION = 1;
				DYLIB_INSTALL_NAME_BASE = "@rpath";
				ENABLE_MODULE_VERIFIER = YES;
				GENERATE_INFOPLIST_FILE = YES;
				INFOPLIST_KEY_NSHumanReadableCopyright = "";
				INSTALL_PATH = "$(LOCAL_LIBRARY_DIR)/Frameworks";
				IPHONEOS_DEPLOYMENT_TARGET = 15.6;
				LD_RUNPATH_SEARCH_PATHS = (
					"$(inherited)",
					"@executable_path/Frameworks",
					"@loader_path/Frameworks",
				);
				MARKETING_VERSION = 1.0;
				MODULE_VERIFIER_SUPPORTED_LANGUAGES = "objective-c objective-c++";
				MODULE_VERIFIER_SUPPORTED_LANGUAGE_STANDARDS = "gnu17 gnu++20";
				PRODUCT_BUNDLE_IDENTIFIER = com.azizbekasadov.CPStorageKit;
				PRODUCT_NAME = "$(TARGET_NAME:c99extidentifier)";
				SKIP_INSTALL = YES;
				STRING_CATALOG_GENERATE_SYMBOLS = YES;
				SWIFT_APPROACHABLE_CONCURRENCY = YES;
				SWIFT_EMIT_LOC_STRINGS = YES;
				SWIFT_INSTALL_MODULE = YES;
				SWIFT_INSTALL_OBJC_HEADER = NO;
				SWIFT_UPCOMING_FEATURE_MEMBER_IMPORT_VISIBILITY = YES;
				SWIFT_VERSION = 5.0;
				TARGETED_DEVICE_FAMILY = "1,2";
				VERSIONING_SYSTEM = "apple-generic";
				VERSION_INFO_PREFIX = "";
			};
			name = Debug;
		};
		5D9D18B12EB00B9F00580CD8 /* Release */ = {
			isa = XCBuildConfiguration;
			buildSettings = {
				BUILD_LIBRARY_FOR_DISTRIBUTION = YES;
				CODE_SIGN_STYLE = Automatic;
				CURRENT_PROJECT_VERSION = 1;
				DEVELOPMENT_TEAM = 7FCTC6DRE7;
				DYLIB_COMPATIBILITY_VERSION = 1;
				DYLIB_CURRENT_VERSION = 1;
				DYLIB_INSTALL_NAME_BASE = "@rpath";
				ENABLE_MODULE_VERIFIER = YES;
				GENERATE_INFOPLIST_FILE = YES;
				INFOPLIST_KEY_NSHumanReadableCopyright = "";
				INSTALL_PATH = "$(LOCAL_LIBRARY_DIR)/Frameworks";
				IPHONEOS_DEPLOYMENT_TARGET = 15.6;
				LD_RUNPATH_SEARCH_PATHS = (
					"$(inherited)",
					"@executable_path/Frameworks",
					"@loader_path/Frameworks",
				);
				MARKETING_VERSION = 1.0;
				MODULE_VERIFIER_SUPPORTED_LANGUAGES = "objective-c objective-c++";
				MODULE_VERIFIER_SUPPORTED_LANGUAGE_STANDARDS = "gnu17 gnu++20";
				PRODUCT_BUNDLE_IDENTIFIER = com.azizbekasadov.CPStorageKit;
				PRODUCT_NAME = "$(TARGET_NAME:c99extidentifier)";
				SKIP_INSTALL = YES;
				STRING_CATALOG_GENERATE_SYMBOLS = YES;
				SWIFT_APPROACHABLE_CONCURRENCY = YES;
				SWIFT_EMIT_LOC_STRINGS = YES;
				SWIFT_INSTALL_MODULE = YES;
				SWIFT_INSTALL_OBJC_HEADER = NO;
				SWIFT_UPCOMING_FEATURE_MEMBER_IMPORT_VISIBILITY = YES;
				SWIFT_VERSION = 5.0;
				TARGETED_DEVICE_FAMILY = "1,2";
				VERSIONING_SYSTEM = "apple-generic";
				VERSION_INFO_PREFIX = "";
			};
			name = Release;
		};
		5D9D18B42EB00B9F00580CD8 /* Debug */ = {
			isa = XCBuildConfiguration;
			buildSettings = {
				CLANG_ENABLE_MODULES = YES;
				CODE_SIGN_STYLE = Automatic;
				CURRENT_PROJECT_VERSION = 1;
				DEVELOPMENT_TEAM = 7FCTC6DRE7;
				GENERATE_INFOPLIST_FILE = YES;
				MARKETING_VERSION = 1.0;
				PRODUCT_BUNDLE_IDENTIFIER = com.azizbekasadov.CPStorageKitTests;
				PRODUCT_NAME = "$(TARGET_NAME)";
				STRING_CATALOG_GENERATE_SYMBOLS = NO;
				SWIFT_APPROACHABLE_CONCURRENCY = YES;
				SWIFT_EMIT_LOC_STRINGS = NO;
				SWIFT_OPTIMIZATION_LEVEL = "-Onone";
				SWIFT_UPCOMING_FEATURE_MEMBER_IMPORT_VISIBILITY = YES;
				SWIFT_VERSION = 5.0;
				TARGETED_DEVICE_FAMILY = "1,2";
				TEST_HOST = "$(BUILT_PRODUCTS_DIR)/ChargerSpotter.app/$(BUNDLE_EXECUTABLE_FOLDER_PATH)/ChargerSpotter";
			};
			name = Debug;
		};
		5D9D18B52EB00B9F00580CD8 /* Release */ = {
			isa = XCBuildConfiguration;
			buildSettings = {
				CLANG_ENABLE_MODULES = YES;
				CODE_SIGN_STYLE = Automatic;
				CURRENT_PROJECT_VERSION = 1;
				DEVELOPMENT_TEAM = 7FCTC6DRE7;
				GENERATE_INFOPLIST_FILE = YES;
				MARKETING_VERSION = 1.0;
				PRODUCT_BUNDLE_IDENTIFIER = com.azizbekasadov.CPStorageKitTests;
				PRODUCT_NAME = "$(TARGET_NAME)";
				STRING_CATALOG_GENERATE_SYMBOLS = NO;
				SWIFT_APPROACHABLE_CONCURRENCY = YES;
				SWIFT_EMIT_LOC_STRINGS = NO;
				SWIFT_UPCOMING_FEATURE_MEMBER_IMPORT_VISIBILITY = YES;
				SWIFT_VERSION = 5.0;
				TARGETED_DEVICE_FAMILY = "1,2";
				TEST_HOST = "$(BUILT_PRODUCTS_DIR)/ChargerSpotter.app/$(BUNDLE_EXECUTABLE_FOLDER_PATH)/ChargerSpotter";
			};
			name = Release;
		};
		5D9D18F82EB0100600580CD8 /* Debug */ = {
			isa = XCBuildConfiguration;
			buildSettings = {
				BUILD_LIBRARY_FOR_DISTRIBUTION = YES;
				CODE_SIGN_STYLE = Automatic;
				CURRENT_PROJECT_VERSION = 1;
				DEVELOPMENT_TEAM = 7FCTC6DRE7;
				DYLIB_COMPATIBILITY_VERSION = 1;
				DYLIB_CURRENT_VERSION = 1;
				DYLIB_INSTALL_NAME_BASE = "@rpath";
				ENABLE_MODULE_VERIFIER = YES;
				GENERATE_INFOPLIST_FILE = YES;
				INFOPLIST_KEY_NSHumanReadableCopyright = "";
				INSTALL_PATH = "$(LOCAL_LIBRARY_DIR)/Frameworks";
				LD_RUNPATH_SEARCH_PATHS = (
					"$(inherited)",
					"@executable_path/Frameworks",
					"@loader_path/Frameworks",
				);
				MARKETING_VERSION = 1.0;
				MODULE_VERIFIER_SUPPORTED_LANGUAGES = "objective-c objective-c++";
				MODULE_VERIFIER_SUPPORTED_LANGUAGE_STANDARDS = "gnu17 gnu++20";
				PRODUCT_BUNDLE_IDENTIFIER = com.azizbekasadov.CPUtilsKit;
				PRODUCT_NAME = "$(TARGET_NAME:c99extidentifier)";
				SKIP_INSTALL = YES;
				STRING_CATALOG_GENERATE_SYMBOLS = YES;
				SWIFT_APPROACHABLE_CONCURRENCY = YES;
				SWIFT_EMIT_LOC_STRINGS = YES;
				SWIFT_INSTALL_MODULE = YES;
				SWIFT_INSTALL_OBJC_HEADER = NO;
				SWIFT_UPCOMING_FEATURE_MEMBER_IMPORT_VISIBILITY = YES;
				SWIFT_VERSION = 5.0;
				TARGETED_DEVICE_FAMILY = "1,2";
				VERSIONING_SYSTEM = "apple-generic";
				VERSION_INFO_PREFIX = "";
			};
			name = Debug;
		};
		5D9D18F92EB0100600580CD8 /* Release */ = {
			isa = XCBuildConfiguration;
			buildSettings = {
				BUILD_LIBRARY_FOR_DISTRIBUTION = YES;
				CODE_SIGN_STYLE = Automatic;
				CURRENT_PROJECT_VERSION = 1;
				DEVELOPMENT_TEAM = 7FCTC6DRE7;
				DYLIB_COMPATIBILITY_VERSION = 1;
				DYLIB_CURRENT_VERSION = 1;
				DYLIB_INSTALL_NAME_BASE = "@rpath";
				ENABLE_MODULE_VERIFIER = YES;
				GENERATE_INFOPLIST_FILE = YES;
				INFOPLIST_KEY_NSHumanReadableCopyright = "";
				INSTALL_PATH = "$(LOCAL_LIBRARY_DIR)/Frameworks";
				LD_RUNPATH_SEARCH_PATHS = (
					"$(inherited)",
					"@executable_path/Frameworks",
					"@loader_path/Frameworks",
				);
				MARKETING_VERSION = 1.0;
				MODULE_VERIFIER_SUPPORTED_LANGUAGES = "objective-c objective-c++";
				MODULE_VERIFIER_SUPPORTED_LANGUAGE_STANDARDS = "gnu17 gnu++20";
				PRODUCT_BUNDLE_IDENTIFIER = com.azizbekasadov.CPUtilsKit;
				PRODUCT_NAME = "$(TARGET_NAME:c99extidentifier)";
				SKIP_INSTALL = YES;
				STRING_CATALOG_GENERATE_SYMBOLS = YES;
				SWIFT_APPROACHABLE_CONCURRENCY = YES;
				SWIFT_EMIT_LOC_STRINGS = YES;
				SWIFT_INSTALL_MODULE = YES;
				SWIFT_INSTALL_OBJC_HEADER = NO;
				SWIFT_UPCOMING_FEATURE_MEMBER_IMPORT_VISIBILITY = YES;
				SWIFT_VERSION = 5.0;
				TARGETED_DEVICE_FAMILY = "1,2";
				VERSIONING_SYSTEM = "apple-generic";
				VERSION_INFO_PREFIX = "";
			};
			name = Release;
		};
		5D9D18FB2EB0100600580CD8 /* Debug */ = {
			isa = XCBuildConfiguration;
			buildSettings = {
				CLANG_ENABLE_MODULES = YES;
				CODE_SIGN_STYLE = Automatic;
				CURRENT_PROJECT_VERSION = 1;
				DEVELOPMENT_TEAM = 7FCTC6DRE7;
				GENERATE_INFOPLIST_FILE = YES;
				MARKETING_VERSION = 1.0;
				PRODUCT_BUNDLE_IDENTIFIER = com.azizbekasadov.CPUtilsKitTests;
				PRODUCT_NAME = "$(TARGET_NAME)";
				STRING_CATALOG_GENERATE_SYMBOLS = NO;
				SWIFT_APPROACHABLE_CONCURRENCY = YES;
				SWIFT_EMIT_LOC_STRINGS = NO;
				SWIFT_OPTIMIZATION_LEVEL = "-Onone";
				SWIFT_UPCOMING_FEATURE_MEMBER_IMPORT_VISIBILITY = YES;
				SWIFT_VERSION = 5.0;
				TARGETED_DEVICE_FAMILY = "1,2";
				TEST_HOST = "$(BUILT_PRODUCTS_DIR)/ChargerSpotter.app/$(BUNDLE_EXECUTABLE_FOLDER_PATH)/ChargerSpotter";
			};
			name = Debug;
		};
		5D9D18FC2EB0100600580CD8 /* Release */ = {
			isa = XCBuildConfiguration;
			buildSettings = {
				CLANG_ENABLE_MODULES = YES;
				CODE_SIGN_STYLE = Automatic;
				CURRENT_PROJECT_VERSION = 1;
				DEVELOPMENT_TEAM = 7FCTC6DRE7;
				GENERATE_INFOPLIST_FILE = YES;
				MARKETING_VERSION = 1.0;
				PRODUCT_BUNDLE_IDENTIFIER = com.azizbekasadov.CPUtilsKitTests;
				PRODUCT_NAME = "$(TARGET_NAME)";
				STRING_CATALOG_GENERATE_SYMBOLS = NO;
				SWIFT_APPROACHABLE_CONCURRENCY = YES;
				SWIFT_EMIT_LOC_STRINGS = NO;
				SWIFT_UPCOMING_FEATURE_MEMBER_IMPORT_VISIBILITY = YES;
				SWIFT_VERSION = 5.0;
				TARGETED_DEVICE_FAMILY = "1,2";
				TEST_HOST = "$(BUILT_PRODUCTS_DIR)/ChargerSpotter.app/$(BUNDLE_EXECUTABLE_FOLDER_PATH)/ChargerSpotter";
			};
			name = Release;
		};
		5D9D192B2EB0168600580CD8 /* Debug */ = {
			isa = XCBuildConfiguration;
			buildSettings = {
				BUILD_LIBRARY_FOR_DISTRIBUTION = YES;
				CODE_SIGN_STYLE = Automatic;
				CURRENT_PROJECT_VERSION = 1;
				DEVELOPMENT_TEAM = 7FCTC6DRE7;
				DYLIB_COMPATIBILITY_VERSION = 1;
				DYLIB_CURRENT_VERSION = 1;
				DYLIB_INSTALL_NAME_BASE = "@rpath";
				ENABLE_MODULE_VERIFIER = YES;
				GENERATE_INFOPLIST_FILE = YES;
				INFOPLIST_KEY_NSHumanReadableCopyright = "";
				INSTALL_PATH = "$(LOCAL_LIBRARY_DIR)/Frameworks";
				LD_RUNPATH_SEARCH_PATHS = (
					"$(inherited)",
					"@executable_path/Frameworks",
					"@loader_path/Frameworks",
				);
				MARKETING_VERSION = 1.0;
				MODULE_VERIFIER_SUPPORTED_LANGUAGES = "objective-c objective-c++";
				MODULE_VERIFIER_SUPPORTED_LANGUAGE_STANDARDS = "gnu17 gnu++20";
				PRODUCT_BUNDLE_IDENTIFIER = com.azizbekasadov.CPUIKit;
				PRODUCT_NAME = "$(TARGET_NAME:c99extidentifier)";
				SKIP_INSTALL = YES;
				STRING_CATALOG_GENERATE_SYMBOLS = YES;
				SWIFT_APPROACHABLE_CONCURRENCY = YES;
				SWIFT_EMIT_LOC_STRINGS = YES;
				SWIFT_INSTALL_MODULE = YES;
				SWIFT_INSTALL_OBJC_HEADER = NO;
				SWIFT_UPCOMING_FEATURE_MEMBER_IMPORT_VISIBILITY = YES;
				SWIFT_VERSION = 5.0;
				TARGETED_DEVICE_FAMILY = "1,2";
				VERSIONING_SYSTEM = "apple-generic";
				VERSION_INFO_PREFIX = "";
			};
			name = Debug;
		};
		5D9D192C2EB0168600580CD8 /* Release */ = {
			isa = XCBuildConfiguration;
			buildSettings = {
				BUILD_LIBRARY_FOR_DISTRIBUTION = YES;
				CODE_SIGN_STYLE = Automatic;
				CURRENT_PROJECT_VERSION = 1;
				DEVELOPMENT_TEAM = 7FCTC6DRE7;
				DYLIB_COMPATIBILITY_VERSION = 1;
				DYLIB_CURRENT_VERSION = 1;
				DYLIB_INSTALL_NAME_BASE = "@rpath";
				ENABLE_MODULE_VERIFIER = YES;
				GENERATE_INFOPLIST_FILE = YES;
				INFOPLIST_KEY_NSHumanReadableCopyright = "";
				INSTALL_PATH = "$(LOCAL_LIBRARY_DIR)/Frameworks";
				LD_RUNPATH_SEARCH_PATHS = (
					"$(inherited)",
					"@executable_path/Frameworks",
					"@loader_path/Frameworks",
				);
				MARKETING_VERSION = 1.0;
				MODULE_VERIFIER_SUPPORTED_LANGUAGES = "objective-c objective-c++";
				MODULE_VERIFIER_SUPPORTED_LANGUAGE_STANDARDS = "gnu17 gnu++20";
				PRODUCT_BUNDLE_IDENTIFIER = com.azizbekasadov.CPUIKit;
				PRODUCT_NAME = "$(TARGET_NAME:c99extidentifier)";
				SKIP_INSTALL = YES;
				STRING_CATALOG_GENERATE_SYMBOLS = YES;
				SWIFT_APPROACHABLE_CONCURRENCY = YES;
				SWIFT_EMIT_LOC_STRINGS = YES;
				SWIFT_INSTALL_MODULE = YES;
				SWIFT_INSTALL_OBJC_HEADER = NO;
				SWIFT_UPCOMING_FEATURE_MEMBER_IMPORT_VISIBILITY = YES;
				SWIFT_VERSION = 5.0;
				TARGETED_DEVICE_FAMILY = "1,2";
				VERSIONING_SYSTEM = "apple-generic";
				VERSION_INFO_PREFIX = "";
			};
			name = Release;
		};
/* End XCBuildConfiguration section */

/* Begin XCConfigurationList section */
		5D9D17F92EB0025B00580CD8 /* Build configuration list for PBXProject "ChargerSpotter" */ = {
			isa = XCConfigurationList;
			buildConfigurations = (
				5D9D182D2EB0025C00580CD8 /* Debug */,
				5D9D182E2EB0025C00580CD8 /* Release */,
			);
			defaultConfigurationIsVisible = 0;
			defaultConfigurationName = Release;
		};
		5D9D182A2EB0025C00580CD8 /* Build configuration list for PBXNativeTarget "ChargerSpotter" */ = {
			isa = XCConfigurationList;
			buildConfigurations = (
				5D9D182B2EB0025C00580CD8 /* Debug */,
				5D9D182C2EB0025C00580CD8 /* Release */,
			);
			defaultConfigurationIsVisible = 0;
			defaultConfigurationName = Release;
		};
		5D9D182F2EB0025C00580CD8 /* Build configuration list for PBXNativeTarget "ChargerSpotterTests" */ = {
			isa = XCConfigurationList;
			buildConfigurations = (
				5D9D18302EB0025C00580CD8 /* Debug */,
				5D9D18312EB0025C00580CD8 /* Release */,
			);
			defaultConfigurationIsVisible = 0;
			defaultConfigurationName = Release;
		};
		5D9D18322EB0025C00580CD8 /* Build configuration list for PBXNativeTarget "ChargerSpotterUITests" */ = {
			isa = XCConfigurationList;
			buildConfigurations = (
				5D9D18332EB0025C00580CD8 /* Debug */,
				5D9D18342EB0025C00580CD8 /* Release */,
			);
			defaultConfigurationIsVisible = 0;
			defaultConfigurationName = Release;
		};
		5D9D18AF2EB00B9F00580CD8 /* Build configuration list for PBXNativeTarget "CPStorageKit" */ = {
			isa = XCConfigurationList;
			buildConfigurations = (
				5D9D18B02EB00B9F00580CD8 /* Debug */,
				5D9D18B12EB00B9F00580CD8 /* Release */,
			);
			defaultConfigurationIsVisible = 0;
			defaultConfigurationName = Release;
		};
		5D9D18B32EB00B9F00580CD8 /* Build configuration list for PBXNativeTarget "CPStorageKitTests" */ = {
			isa = XCConfigurationList;
			buildConfigurations = (
				5D9D18B42EB00B9F00580CD8 /* Debug */,
				5D9D18B52EB00B9F00580CD8 /* Release */,
			);
			defaultConfigurationIsVisible = 0;
			defaultConfigurationName = Release;
		};
		5D9D18F72EB0100600580CD8 /* Build configuration list for PBXNativeTarget "CPUtilsKit" */ = {
			isa = XCConfigurationList;
			buildConfigurations = (
				5D9D18F82EB0100600580CD8 /* Debug */,
				5D9D18F92EB0100600580CD8 /* Release */,
			);
			defaultConfigurationIsVisible = 0;
			defaultConfigurationName = Release;
		};
		5D9D18FA2EB0100600580CD8 /* Build configuration list for PBXNativeTarget "CPUtilsKitTests" */ = {
			isa = XCConfigurationList;
			buildConfigurations = (
				5D9D18FB2EB0100600580CD8 /* Debug */,
				5D9D18FC2EB0100600580CD8 /* Release */,
			);
			defaultConfigurationIsVisible = 0;
			defaultConfigurationName = Release;
		};
		5D9D192A2EB0168600580CD8 /* Build configuration list for PBXNativeTarget "CPUIKit" */ = {
			isa = XCConfigurationList;
			buildConfigurations = (
				5D9D192B2EB0168600580CD8 /* Debug */,
				5D9D192C2EB0168600580CD8 /* Release */,
			);
			defaultConfigurationIsVisible = 0;
			defaultConfigurationName = Release;
		};
/* End XCConfigurationList section */

/* Begin XCRemoteSwiftPackageReference section */
		5D9D18502EB0053200580CD8 /* XCRemoteSwiftPackageReference "Factory" */ = {
			isa = XCRemoteSwiftPackageReference;
			repositoryURL = "https://github.com/hmlongco/Factory.git";
			requirement = {
				kind = upToNextMajorVersion;
				minimumVersion = 2.5.3;
			};
		};
		5D9D18532EB0056C00580CD8 /* XCRemoteSwiftPackageReference "swift-log" */ = {
			isa = XCRemoteSwiftPackageReference;
			repositoryURL = "https://github.com/apple/swift-log";
			requirement = {
				kind = upToNextMajorVersion;
				minimumVersion = 1.6.4;
			};
		};
/* End XCRemoteSwiftPackageReference section */

/* Begin XCSwiftPackageProductDependency section */
		5D9D18512EB0053200580CD8 /* Factory */ = {
			isa = XCSwiftPackageProductDependency;
			package = 5D9D18502EB0053200580CD8 /* XCRemoteSwiftPackageReference "Factory" */;
			productName = Factory;
		};
		5D9D18542EB0056C00580CD8 /* Logging */ = {
			isa = XCSwiftPackageProductDependency;
			package = 5D9D18532EB0056C00580CD8 /* XCRemoteSwiftPackageReference "swift-log" */;
			productName = Logging;
		};
		5D9D190E2EB0161400580CD8 /* Logging */ = {
			isa = XCSwiftPackageProductDependency;
			package = 5D9D18532EB0056C00580CD8 /* XCRemoteSwiftPackageReference "swift-log" */;
			productName = Logging;
		};
/* End XCSwiftPackageProductDependency section */
	};
	rootObject = 5D9D17F62EB0025B00580CD8 /* Project object */;
}
